Microsoft Visual Studio Solution File, Format Version 12.00
# Visual Studio Version 17
VisualStudioVersion = 17.5.2.0
MinimumVisualStudioVersion = 10.0.40219.1
Project("{FAE04EC0-301F-11D3-BF4B-00C04F79EFBC}") = "simple-agent-af", "simple-agent-af.csproj", "{63A01D0B-D9B5-2976-E8FC-2BC7FA85CC40}"
EndProject
Global
	GlobalSection(SolutionConfigurationPlatforms) = preSolution
		Debug|Any CPU = Debug|Any CPU
		Release|Any CPU = Release|Any CPU
	EndGlobalSection
	GlobalSection(ProjectConfigurationPlatforms) = postSolution
		{63A01D0B-D9B5-2976-E8FC-2BC7FA85CC40}.Debug|Any CPU.ActiveCfg = Debug|Any CPU
		{63A01D0B-D9B5-2976-E8FC-2BC7FA85CC40}.Debug|Any CPU.Build.0 = Debug|Any CPU
		{63A01D0B-D9B5-2976-E8FC-2BC7FA85CC40}.Release|Any CPU.ActiveCfg = Release|Any CPU
		{63A01D0B-D9B5-2976-E8FC-2BC7FA85CC40}.Release|Any CPU.Build.0 = Release|Any CPU
	EndGlobalSection
	GlobalSection(SolutionProperties) = preSolution
		HideSolutionNode = FALSE
	EndGlobalSection
	GlobalSection(ExtensibilityGlobals) = postSolution
		SolutionGuid = {78458457-771E-489B-B8F2-3B1E34EC3174}
	EndGlobalSection
EndGlobal
